github.com/davecgh/go-spew v1.1.1/go.mod h1:J7Y8YcW2NihsgmVo/mv3lAwl/skON4iLHjSsI+c5H38=
github.com/gopherjs/gopherjs v0.0.0-20200217142428-fce0ec30dd00 h1:l5lAOZEym3oK3SQ2HBHWsJUfbNBiTXJDeW2QDxw9AQ0=
github.com/gopherjs/gopherjs v0.0.0-20200217142428-fce0ec30dd00/go.mod h1:wJfORRmW1u3UXTncJ5qlYoELFm8eSnnEO6hX4iZ3EWY=
github.com/hashicorp/hcl v1.0.0 h1:0Anlzjpi4vEasTeNFn2mLJgTSwt0+6sfsiTG8qcWGx4=
github.com/hashicorp/hcl v1.0.0/go.mod h1:E5yfLk+7swimpb2L/Alb/PJmXilQ/rhwaUYs4T20WEQ=
github.com/miratronix/jopher v0.0.0-20200228204442-56bcab34f1a3 h1:lOZEb4IMbMjOLMLvo4WjX6zJ8y3KsFrUtVa2rJS40HQ=
github.com/miratronix/jopher v0.0.0-20200228204442-56bcab34f1a3/go.mod h1:u6ZTEUu3UCNJmCOT3vqHPyI0i4cT7mplTbuHApP/lD8=
